PODS:
  - FlutterMacOS (1.0.0)
  - math_view (0.0.1):
    - FlutterMacOS

DEPENDENCIES:
  - FlutterMacOS (from `Flutter/ephemeral`)
  - math_view (from `Flutter/ephemeral/.symlinks/plugins/math_view/macos`)

EXTERNAL SOURCES:
  FlutterMacOS:
    :path: Flutter/ephemeral
  math_view:
    :path: Flutter/ephemeral/.symlinks/plugins/math_view/macos

SPEC CHECKSUMS:
  FlutterMacOS: d0db08ddef1a9af05a5ec4b724367152bb0500b1
  math_view: 52b72b0136fbc568633c260a51e2ed7f85ca6672

PODFILE CHECKSUM: 54d867c82ac51cbd61b565781b9fada492027009

COCOAPODS: 1.16.2
